
Microsoft Visual Studio Solution File, Format Version 12.00
# Visual Studio Version 16
VisualStudioVersion = 16.0.32929.386
MinimumVisualStudioVersion = 10.0.40219.1
Project("{FAE04EC0-301F-11D3-BF4B-00C04F79EFBC}") = "TAI.Device.Analog", "TAI.Device.Analog\TAI.Device.Analog.csproj", "{7D0218DE-A6EB-405B-8BA2-95E258E70A8D}"
EndProject
Project("{FAE04EC0-301F-11D3-BF4B-00C04F79EFBC}") = "TAI.Contants", "TAI.Contants\TAI.Contants.csproj", "{7CF01FB2-2256-43E0-B9C6-EC15CA7DC03C}"
EndProject
Project("{FAE04EC0-301F-11D3-BF4B-00C04F79EFBC}") = "TAI.Device.Digital", "TAI.Device.Digital\TAI.Device.Digital.csproj", "{BF0B6502-A3C6-4C51-9942-23860005700F}"
EndProject
Project("{FAE04EC0-301F-11D3-BF4B-00C04F79EFBC}") = "DMT.Core.Models", "DMT.Core.Models\DMT.Core.Models.csproj", "{4ED54FD6-18E8-406E-8EBA-BE3AF8983C15}"
EndProject
Project("{FAE04EC0-301F-11D3-BF4B-00C04F79EFBC}") = "DMT.Core.Protocols", "DMT.Core.Protocols\DMT.Core.Protocols.csproj", "{FC49C44D-F7FC-46DF-B07B-AF25015C1028}"
EndProject
Project("{FAE04EC0-301F-11D3-BF4B-00C04F79EFBC}") = "DMT.Core.Utils", "DMT.Core.Utils\DMT.Core.Utils.csproj", "{898A164E-86AA-4D2F-A096-D9AB030AE9C0}"
EndProject
Project("{FAE04EC0-301F-11D3-BF4B-00C04F79EFBC}") = "TAI.ProcessController", "TAI.ProcessController\TAI.ProcessController.csproj", "{6DFBBED1-F24B-4947-9207-DB573C04A3B6}"
EndProject
Project("{FAE04EC0-301F-11D3-BF4B-00C04F79EFBC}") = "TAI.SwitchController", "TAI.SwitchController\TAI.SwitchController.csproj", "{CB2405DF-1B9C-4122-ADCE-C18922249963}"
EndProject
Project("{FAE04EC0-301F-11D3-BF4B-00C04F79EFBC}") = "TAI.VISController", "TAI.VISController\TAI.VISController.csproj", "{B6A89296-AA29-45A7-A79A-DF24E2D8E5A5}"
EndProject
Project("{FAE04EC0-301F-11D3-BF4B-00C04F79EFBC}") = "TAI.TestAdapterLib", "TAI.TestAdapterLib\TAI.TestAdapterLib.csproj", "{CA09C66D-70AC-4B59-97E7-ED1D870DFF4E}"
EndProject
Project("{FAE04EC0-301F-11D3-BF4B-00C04F79EFBC}") = "TAI.UnitTest", "TAI.UnitTest\TAI.UnitTest.csproj", "{65953DE8-5E51-4C7D-9943-06FF7E522456}"
EndProject
Project("{FAE04EC0-301F-11D3-BF4B-00C04F79EFBC}") = "TAI.Modules", "TAI.Modules\TAI.Modules.csproj", "{C69632F0-7BCD-4D05-BC99-0D01C334C354}"
EndProject
Project("{FAE04EC0-301F-11D3-BF4B-00C04F79EFBC}") = "DMT.Core.Channels", "DMT.Core.Channels\DMT.Core.Channels.csproj", "{15DBB8B0-6391-438B-BE41-CAE129D46E82}"
EndProject
Project("{FAE04EC0-301F-11D3-BF4B-00C04F79EFBC}") = "TestAPPDemo", "TestAPPDemo\TestAPPDemo.csproj", "{A4FBDE27-7069-47D7-9105-152C6DAC5F5C}"
EndProject
Project("{FAE04EC0-301F-11D3-BF4B-00C04F79EFBC}") = "DMT.Core.LogManager", "DMT.Core.LogManager\DMT.Core.LogManager.csproj", "{52F91FE7-A58D-4E90-8CFF-2BF262A74B5E}"
EndProject
Global
	GlobalSection(SolutionConfigurationPlatforms) = preSolution
		Debug|Any CPU = Debug|Any CPU
		Release|Any CPU = Release|Any CPU
	EndGlobalSection
	GlobalSection(ProjectConfigurationPlatforms) = postSolution
		{7D0218DE-A6EB-405B-8BA2-95E258E70A8D}.Debug|Any CPU.ActiveCfg = Debug|Any CPU
		{7D0218DE-A6EB-405B-8BA2-95E258E70A8D}.Debug|Any CPU.Build.0 = Debug|Any CPU
		{7D0218DE-A6EB-405B-8BA2-95E258E70A8D}.Release|Any CPU.ActiveCfg = Release|Any CPU
		{7D0218DE-A6EB-405B-8BA2-95E258E70A8D}.Release|Any CPU.Build.0 = Release|Any CPU
		{7CF01FB2-2256-43E0-B9C6-EC15CA7DC03C}.Debug|Any CPU.ActiveCfg = Debug|Any CPU
		{7CF01FB2-2256-43E0-B9C6-EC15CA7DC03C}.Debug|Any CPU.Build.0 = Debug|Any CPU
		{7CF01FB2-2256-43E0-B9C6-EC15CA7DC03C}.Release|Any CPU.ActiveCfg = Release|Any CPU
		{7CF01FB2-2256-43E0-B9C6-EC15CA7DC03C}.Release|Any CPU.Build.0 = Release|Any CPU
		{BF0B6502-A3C6-4C51-9942-23860005700F}.Debug|Any CPU.ActiveCfg = Debug|Any CPU
		{BF0B6502-A3C6-4C51-9942-23860005700F}.Debug|Any CPU.Build.0 = Debug|Any CPU
		{BF0B6502-A3C6-4C51-9942-23860005700F}.Release|Any CPU.ActiveCfg = Release|Any CPU
		{BF0B6502-A3C6-4C51-9942-23860005700F}.Release|Any CPU.Build.0 = Release|Any CPU
		{4ED54FD6-18E8-406E-8EBA-BE3AF8983C15}.Debug|Any CPU.ActiveCfg = Debug|Any CPU
		{4ED54FD6-18E8-406E-8EBA-BE3AF8983C15}.Debug|Any CPU.Build.0 = Debug|Any CPU
		{4ED54FD6-18E8-406E-8EBA-BE3AF8983C15}.Release|Any CPU.ActiveCfg = Release|Any CPU
		{4ED54FD6-18E8-406E-8EBA-BE3AF8983C15}.Release|Any CPU.Build.0 = Release|Any CPU
		{FC49C44D-F7FC-46DF-B07B-AF25015C1028}.Debug|Any CPU.ActiveCfg = Debug|Any CPU
		{FC49C44D-F7FC-46DF-B07B-AF25015C1028}.Debug|Any CPU.Build.0 = Debug|Any CPU
		{FC49C44D-F7FC-46DF-B07B-AF25015C1028}.Release|Any CPU.ActiveCfg = Release|Any CPU
		{FC49C44D-F7FC-46DF-B07B-AF25015C1028}.Release|Any CPU.Build.0 = Release|Any CPU
		{898A164E-86AA-4D2F-A096-D9AB030AE9C0}.Debug|Any CPU.ActiveCfg = Debug|Any CPU
		{898A164E-86AA-4D2F-A096-D9AB030AE9C0}.Debug|Any CPU.Build.0 = Debug|Any CPU
		{898A164E-86AA-4D2F-A096-D9AB030AE9C0}.Release|Any CPU.ActiveCfg = Release|Any CPU
		{898A164E-86AA-4D2F-A096-D9AB030AE9C0}.Release|Any CPU.Build.0 = Release|Any CPU
		{6DFBBED1-F24B-4947-9207-DB573C04A3B6}.Debug|Any CPU.ActiveCfg = Debug|Any CPU
		{6DFBBED1-F24B-4947-9207-DB573C04A3B6}.Debug|Any CPU.Build.0 = Debug|Any CPU
		{6DFBBED1-F24B-4947-9207-DB573C04A3B6}.Release|Any CPU.ActiveCfg = Release|Any CPU
		{6DFBBED1-F24B-4947-9207-DB573C04A3B6}.Release|Any CPU.Build.0 = Release|Any CPU
		{CB2405DF-1B9C-4122-ADCE-C18922249963}.Debug|Any CPU.ActiveCfg = Debug|Any CPU
		{CB2405DF-1B9C-4122-ADCE-C18922249963}.Debug|Any CPU.Build.0 = Debug|Any CPU
		{CB2405DF-1B9C-4122-ADCE-C18922249963}.Release|Any CPU.ActiveCfg = Release|Any CPU
		{CB2405DF-1B9C-4122-ADCE-C18922249963}.Release|Any CPU.Build.0 = Release|Any CPU
		{B6A89296-AA29-45A7-A79A-DF24E2D8E5A5}.Debug|Any CPU.ActiveCfg = Debug|Any CPU
		{B6A89296-AA29-45A7-A79A-DF24E2D8E5A5}.Debug|Any CPU.Build.0 = Debug|Any CPU
		{B6A89296-AA29-45A7-A79A-DF24E2D8E5A5}.Release|Any CPU.ActiveCfg = Release|Any CPU
		{B6A89296-AA29-45A7-A79A-DF24E2D8E5A5}.Release|Any CPU.Build.0 = Release|Any CPU
		{CA09C66D-70AC-4B59-97E7-ED1D870DFF4E}.Debug|Any CPU.ActiveCfg = Debug|Any CPU
		{CA09C66D-70AC-4B59-97E7-ED1D870DFF4E}.Debug|Any CPU.Build.0 = Debug|Any CPU
		{CA09C66D-70AC-4B59-97E7-ED1D870DFF4E}.Release|Any CPU.ActiveCfg = Release|Any CPU
		{CA09C66D-70AC-4B59-97E7-ED1D870DFF4E}.Release|Any CPU.Build.0 = Release|Any CPU
		{65953DE8-5E51-4C7D-9943-06FF7E522456}.Debug|Any CPU.ActiveCfg = Debug|Any CPU
		{65953DE8-5E51-4C7D-9943-06FF7E522456}.Debug|Any CPU.Build.0 = Debug|Any CPU
		{65953DE8-5E51-4C7D-9943-06FF7E522456}.Release|Any CPU.ActiveCfg = Release|Any CPU
		{65953DE8-5E51-4C7D-9943-06FF7E522456}.Release|Any CPU.Build.0 = Release|Any CPU
		{C69632F0-7BCD-4D05-BC99-0D01C334C354}.Debug|Any CPU.ActiveCfg = Debug|Any CPU
		{C69632F0-7BCD-4D05-BC99-0D01C334C354}.Debug|Any CPU.Build.0 = Debug|Any CPU
		{C69632F0-7BCD-4D05-BC99-0D01C334C354}.Release|Any CPU.ActiveCfg = Release|Any CPU
		{C69632F0-7BCD-4D05-BC99-0D01C334C354}.Release|Any CPU.Build.0 = Release|Any CPU
		{15DBB8B0-6391-438B-BE41-CAE129D46E82}.Debug|Any CPU.ActiveCfg = Debug|Any CPU
		{15DBB8B0-6391-438B-BE41-CAE129D46E82}.Debug|Any CPU.Build.0 = Debug|Any CPU
		{15DBB8B0-6391-438B-BE41-CAE129D46E82}.Release|Any CPU.ActiveCfg = Release|Any CPU
		{15DBB8B0-6391-438B-BE41-CAE129D46E82}.Release|Any CPU.Build.0 = Release|Any CPU
		{A4FBDE27-7069-47D7-9105-152C6DAC5F5C}.Debug|Any CPU.ActiveCfg = Debug|Any CPU
		{A4FBDE27-7069-47D7-9105-152C6DAC5F5C}.Debug|Any CPU.Build.0 = Debug|Any CPU
		{A4FBDE27-7069-47D7-9105-152C6DAC5F5C}.Release|Any CPU.ActiveCfg = Release|Any CPU
		{A4FBDE27-7069-47D7-9105-152C6DAC5F5C}.Release|Any CPU.Build.0 = Release|Any CPU
		{52F91FE7-A58D-4E90-8CFF-2BF262A74B5E}.Debug|Any CPU.ActiveCfg = Debug|Any CPU
		{52F91FE7-A58D-4E90-8CFF-2BF262A74B5E}.Debug|Any CPU.Build.0 = Debug|Any CPU
		{52F91FE7-A58D-4E90-8CFF-2BF262A74B5E}.Release|Any CPU.ActiveCfg = Release|Any CPU
		{52F91FE7-A58D-4E90-8CFF-2BF262A74B5E}.Release|Any CPU.Build.0 = Release|Any CPU
	EndGlobalSection
	GlobalSection(SolutionProperties) = preSolution
		HideSolutionNode = FALSE
	EndGlobalSection
	GlobalSection(ExtensibilityGlobals) = postSolution
		SolutionGuid = {CBCE994F-10F0-4980-9C24-4F27B99A5E8A}
	EndGlobalSection
EndGlobal
